{
  "name": "wloggerforbrowser",
  "version": "0.4.76",
  "lockfileVersion": 1,
  "requires": true,
  "dependencies": {
    "ansi-regex": {
      "version": "3.0.0",
      "resolved": "https://registry.npmjs.org/ansi-regex/-/ansi-regex-3.0.0.tgz",
      "integrity": "sha1-7QMXwyIGT3lGbAKWa922Bas32Zg="
    },
    "ansicolor": {
      "version": "1.1.81",
      "resolved": "https://registry.npmjs.org/ansicolor/-/ansicolor-1.1.81.tgz",
      "integrity": "sha512-uSggNDl++k+w9MUeAWoPsKMa9ekTWp50FzOf2LtxH4muRBANuToT2zaMHC47HJ6kySzos95P+2aSJ5DzIJ98sQ=="
    },
    "argparse": {
      "version": "1.0.10",
      "resolved": "https://registry.npmjs.org/argparse/-/argparse-1.0.10.tgz",
      "integrity": "sha512-o5Roy6tNG4SL/FOkCAN6RzjiakZS25RLYFrcMttJqbdd8BWrnA+fGz57iN5Pb06pvBGvl5gQ0B48dJlslXvoTg==",
      "requires": {
        "sprintf-js": "~1.0.2"
      }
    },
    "base64-js": {
      "version": "1.3.0",
      "resolved": "https://registry.npmjs.org/base64-js/-/base64-js-1.3.0.tgz",
      "integrity": "sha512-ccav/yGvoa80BQDljCxsmmQ3Xvx60/UpBIij5QN21W3wBi/hhIC9OoO+KLpu9IJTS9j4DRVJ3aDDF9cMSoa2lw=="
    },
    "bindings": {
      "version": "1.2.1",
      "resolved": "https://registry.npmjs.org/bindings/-/bindings-1.2.1.tgz",
      "integrity": "sha1-FK1hE4EtLTfXLme0ystLtyZQXxE="
    },
    "bson": {
      "version": "4.0.1",
      "resolved": "https://registry.npmjs.org/bson/-/bson-4.0.1.tgz",
      "integrity": "sha512-Q+E5edAc2DnSb77xcBJga0iJDyZlhkKRhWxKdPJcT3UK6nC6BtmMJGpkt+99bGht3HIhXHu7mxi5FLBgQAj5MA==",
      "requires": {
        "buffer": "^5.1.0",
        "long": "^4.0.0"
      }
    },
    "buffer": {
      "version": "5.2.1",
      "resolved": "https://registry.npmjs.org/buffer/-/buffer-5.2.1.tgz",
      "integrity": "sha512-c+Ko0loDaFfuPWiL02ls9Xd3GO3cPVmUobQ6t3rXNUk304u6hGq+8N/kFi+QEIKhzK3uwolVhLzszmfLmMLnqg==",
      "requires": {
        "base64-js": "^1.0.2",
        "ieee754": "^1.1.4"
      }
    },
    "coffee-script": {
      "version": "1.12.7",
      "resolved": "https://registry.npmjs.org/coffee-script/-/coffee-script-1.12.7.tgz",
      "integrity": "sha512-fLeEhqwymYat/MpTPUjSKHVYYl0ec2mOyALEMLmzr5i1isuG+6jfI2j2d5oBO3VIzgUXgBVIcOT9uH1TFxBckw=="
    },
    "deasync": {
      "version": "0.1.14",
      "resolved": "https://registry.npmjs.org/deasync/-/deasync-0.1.14.tgz",
      "integrity": "sha512-wN8sIuEqIwyQh72AG7oY6YQODCxIp1eXzEZlZznBuwDF8Q03Tdy9QNp1BNZXeadXoklNrw+Ip1fch+KXo/+ASw==",
      "requires": {
        "bindings": "~1.2.1",
        "node-addon-api": "^1.6.0"
      }
    },
    "deep-is": {
      "version": "0.1.3",
      "resolved": "https://registry.npmjs.org/deep-is/-/deep-is-0.1.3.tgz",
      "integrity": "sha1-s2nW+128E+7PUk+RsHD+7cNXzzQ="
    },
    "escodegen": {
      "version": "1.11.1",
      "resolved": "https://registry.npmjs.org/escodegen/-/escodegen-1.11.1.tgz",
      "integrity": "sha512-JwiqFD9KdGVVpeuRa68yU3zZnBEOcPs0nKW7wZzXky8Z7tffdYUHbe11bPCV5jYlK6DVdKLWLm0f5I/QlL0Kmw==",
      "requires": {
        "esprima": "^3.1.3",
        "estraverse": "^4.2.0",
        "esutils": "^2.0.2",
        "optionator": "^0.8.1",
        "source-map": "~0.6.1"
      },
      "dependencies": {
        "esprima": {
          "version": "3.1.3",
          "resolved": "https://registry.npmjs.org/esprima/-/esprima-3.1.3.tgz",
          "integrity": "sha1-/cpRzuYTOJXjyI1TXOSdv/YqRjM="
        },
        "source-map": {
          "version": "0.6.1",
          "resolved": "https://registry.npmjs.org/source-map/-/source-map-0.6.1.tgz",
          "integrity": "sha512-UjgapumWlbMhkBgzT7Ykc5YXUT46F0iKu8SGXq0bcwP5dz/h0Plj6enJqjz1Zbq2l5WaqYnrVbwWOWMyF3F47g==",
          "optional": true
        }
      }
    },
    "esprima": {
      "version": "4.0.1",
      "resolved": "https://registry.npmjs.org/esprima/-/esprima-4.0.1.tgz",
      "integrity": "sha512-eGuFFw7Upda+g4p+QHvnW0RyTX/SVeJBDM/gCtMARO0cLuT2HcEKnTPvhjV6aGeqrCB/sbNop0Kszm0jsaWU4A=="
    },
    "estraverse": {
      "version": "4.2.0",
      "resolved": "https://registry.npmjs.org/estraverse/-/estraverse-4.2.0.tgz",
      "integrity": "sha1-De4/7TH81GlhjOc0IJn8GvoL2xM="
    },
    "esutils": {
      "version": "2.0.2",
      "resolved": "https://registry.npmjs.org/esutils/-/esutils-2.0.2.tgz",
      "integrity": "sha1-Cr9PHKpbyx96nYrMbepPqqBLrJs="
    },
    "fast-levenshtein": {
      "version": "2.0.6",
      "resolved": "https://registry.npmjs.org/fast-levenshtein/-/fast-levenshtein-2.0.6.tgz",
      "integrity": "sha1-PYpcZog6FqMMqGQ+hR8Zuqd5eRc="
    },
    "has-ansi": {
      "version": "3.0.0",
      "resolved": "https://registry.npmjs.org/has-ansi/-/has-ansi-3.0.0.tgz",
      "integrity": "sha1-Ngd+8dFfMzSEqn+neihgbxxlWzc=",
      "requires": {
        "ansi-regex": "^3.0.0"
      }
    },
    "ieee754": {
      "version": "1.1.12",
      "resolved": "https://registry.npmjs.org/ieee754/-/ieee754-1.1.12.tgz",
      "integrity": "sha512-GguP+DRY+pJ3soyIiGPTvdiVXjZ+DbXOxGpXn3eMvNW4x4irjqXm4wHKscC+TfxSJ0yw/S1F24tqdMNsMZTiLA=="
    },
    "js-yaml": {
      "version": "3.12.2",
      "resolved": "https://registry.npmjs.org/js-yaml/-/js-yaml-3.12.2.tgz",
      "integrity": "sha512-QHn/Lh/7HhZ/Twc7vJYQTkjuCa0kaCcDcjK5Zlk2rvnUpy7DxMJ23+Jc2dcyvltwQVg1nygAVlB2oRDFHoRS5Q==",
      "requires": {
        "argparse": "^1.0.7",
        "esprima": "^4.0.0"
      }
    },
    "js2coffee": {
      "version": "2.2.0",
      "resolved": "https://registry.npmjs.org/js2coffee/-/js2coffee-2.2.0.tgz",
      "integrity": "sha1-ghqu9iu+41op6owEdeIP6fEAQ8U=",
      "requires": {
        "escodegen": "^1.6.0",
        "esprima": "^2.5.0",
        "estraverse": "^4.1.1",
        "minimist": "^1.1.0",
        "read-input": "^0.3.1",
        "source-map": "^0.5.2"
      },
      "dependencies": {
        "esprima": {
          "version": "2.7.3",
          "resolved": "https://registry.npmjs.org/esprima/-/esprima-2.7.3.tgz",
          "integrity": "sha1-luO3DVd59q1JzQMmc9HDEnZ7pYE="
        }
      }
    },
    "levn": {
      "version": "0.3.0",
      "resolved": "https://registry.npmjs.org/levn/-/levn-0.3.0.tgz",
      "integrity": "sha1-OwmSTt+fCDwEkP3UwLxEIeBHZO4=",
      "requires": {
        "prelude-ls": "~1.1.2",
        "type-check": "~0.3.2"
      }
    },
    "long": {
      "version": "4.0.0",
      "resolved": "https://registry.npmjs.org/long/-/long-4.0.0.tgz",
      "integrity": "sha512-XsP+KhQif4bjX1kbuSiySJFNAehNxgLb6hPRGJ9QsUr8ajHkuXGdrHmFUTUUXhDwVX2R5bY4JNZEwbUiMhV+MA=="
    },
    "minimist": {
      "version": "1.2.0",
      "resolved": "https://registry.npmjs.org/minimist/-/minimist-1.2.0.tgz",
      "integrity": "sha1-o1AIsg9BOD7sH7kU9M1d95omQoQ="
    },
    "node-addon-api": {
      "version": "1.6.2",
      "resolved": "https://registry.npmjs.org/node-addon-api/-/node-addon-api-1.6.2.tgz",
      "integrity": "sha512-479Bjw9nTE5DdBSZZWprFryHGjUaQC31y1wHo19We/k0BZlrmhqQitWoUL0cD8+scljCbIUL+E58oRDEakdGGA=="
    },
    "optionator": {
      "version": "0.8.2",
      "resolved": "https://registry.npmjs.org/optionator/-/optionator-0.8.2.tgz",
      "integrity": "sha1-NkxeQJ0/TWMB1sC0wFu6UBgK62Q=",
      "requires": {
        "deep-is": "~0.1.3",
        "fast-levenshtein": "~2.0.4",
        "levn": "~0.3.0",
        "prelude-ls": "~1.1.2",
        "type-check": "~0.3.2",
        "wordwrap": "~1.0.0"
      }
    },
    "prelude-ls": {
      "version": "1.1.2",
      "resolved": "https://registry.npmjs.org/prelude-ls/-/prelude-ls-1.1.2.tgz",
      "integrity": "sha1-IZMqVJ9eUv/ZqCf1cOBL5iqX2lQ="
    },
    "read-input": {
      "version": "0.3.1",
      "resolved": "https://registry.npmjs.org/read-input/-/read-input-0.3.1.tgz",
      "integrity": "sha1-WzFpMIATRk/9puyS5Y0tPOqUjfE="
    },
    "source-map": {
      "version": "0.5.7",
      "resolved": "https://registry.npmjs.org/source-map/-/source-map-0.5.7.tgz",
      "integrity": "sha1-igOdLRAh0i0eoUyA2OpGi6LvP8w="
    },
    "sprintf-js": {
      "version": "1.0.3",
      "resolved": "https://registry.npmjs.org/sprintf-js/-/sprintf-js-1.0.3.tgz",
      "integrity": "sha1-BOaSb2YolTVPPdAVIDYzuFcpfiw="
    },
    "type-check": {
      "version": "0.3.2",
      "resolved": "https://registry.npmjs.org/type-check/-/type-check-0.3.2.tgz",
      "integrity": "sha1-WITKtRLPHTVeP7eE8wgEsrUg23I=",
      "requires": {
        "prelude-ls": "~1.1.2"
      }
    },
    "wColor": {
      "version": "0.3.98",
      "resolved": "https://registry.npmjs.org/wColor/-/wColor-0.3.98.tgz",
      "integrity": "sha512-WgtIcSfIRjyrMpIUfdu77flMfvf0Hc8f9FLttnAyYedkus35G2GSNrYanUKGcf1zayJSovbN1AdZyglsfZtaXQ==",
      "requires": {
        "wTools": "^0.8.431"
      }
    },
    "wConsequence": {
      "version": "0.4.123",
      "resolved": "https://registry.npmjs.org/wConsequence/-/wConsequence-0.4.123.tgz",
      "integrity": "sha512-wuwHCV8NIMY5BANa9+/pCCv8jFBByi0Eaa/BD7Dsx8nAw+xPXhXwgCXWwSBBnNOPUszhukaG8DhR6YP0XPrZmg==",
      "requires": {
        "wCopyable": "^0.4.107",
        "wProto": "^0.4.139",
        "wTools": "^0.8.431",
        "wprocedure": "^0.3.17"
      }
    },
    "wCopyable": {
      "version": "0.4.107",
      "resolved": "https://registry.npmjs.org/wCopyable/-/wCopyable-0.4.107.tgz",
      "integrity": "sha512-ufGVQ2wv/7R4QNsqg+QrCyTGAIj2+9GUss+HWG3ks1ONu3JZOXsSXVSPgNPs6pNBYx8iPITO2Wzm7DshB6KePg==",
      "requires": {
        "wProto": "^0.4.139",
        "wTools": "^0.8.431",
        "wcloner": "^0.3.85",
        "wcomparator": "^0.3.36",
        "wlooker": "^0.3.42"
      }
    },
    "wEventHandler": {
      "version": "0.4.83",
      "resolved": "https://registry.npmjs.org/wEventHandler/-/wEventHandler-0.4.83.tgz",
      "integrity": "sha512-18rzWGUTpyuiOQhY3bDKHRaSqrrsoLt8586nxygI90SdKFwYSsgOtPyWZgJqkZ8A6YC3QjqmTo6fXXYFGNwAVg==",
      "requires": {
        "wProto": "^0.4.139",
        "wTools": "^0.8.431"
      }
    },
    "wFiles": {
      "version": "0.6.583",
      "resolved": "https://registry.npmjs.org/wFiles/-/wFiles-0.6.583.tgz",
      "integrity": "sha512-WGemXzrIe6mKYy7tTv6E4ggL454JJNQIWdh60c4SHSdQKK6cmr7v4pRMAFEjGraXc59ORm5MOpHgcmfoiyg3pA==",
      "requires": {
        "wConsequence": "^0.4.123",
        "wCopyable": "^0.4.107",
        "wLogger": "^0.5.167",
        "wRegexpObject": "^0.4.94",
        "wTools": "^0.8.431",
        "wexternalfundamentals": "^0.3.146",
        "wfieldsstack": "^0.3.62",
        "wgdfstrategy": "^0.3.11",
        "wpathfundamentals": "^0.6.154",
        "wroutinefundamentals": "^0.3.5",
        "wselector": "^0.3.62",
        "wstringer": "^0.3.73",
        "wstringsextra": "^0.3.90",
        "wurifundamentals": "^0.6.84",
        "wverbal": "^0.3.57",
        "wweburifundamentals": "^0.3.39"
      }
    },
    "wLogger": {
      "version": "0.5.167",
      "resolved": "https://registry.npmjs.org/wLogger/-/wLogger-0.5.167.tgz",
      "integrity": "sha512-cTBd5lrqkmffe7yWFGpTvRrUsNlweaf2y6PGyfo2ttjTG4no6X8XnyTSkPVBpXHkUW6CNofwqGdyVlkn0ASkeA==",
      "requires": {
        "wColor": "^0.3.98",
        "wCopyable": "^0.4.107",
        "wEventHandler": "^0.4.83",
        "wTools": "^0.8.431",
        "wstringer": "^0.3.73",
        "wstringsextra": "^0.3.90"
      }
    },
    "wProto": {
      "version": "0.4.139",
      "resolved": "https://registry.npmjs.org/wProto/-/wProto-0.4.139.tgz",
      "integrity": "sha512-99ddvRSlY7ffCr3gPLH6ItTlQVuCSq6lZ60tjXszt9hJIjy+tafR9zi29DGpMaNyFgTbL9Hvsn5H8EJwTaDWWw==",
      "requires": {
        "wTools": "^0.8.431"
      }
    },
    "wRegexpObject": {
      "version": "0.4.94",
      "resolved": "https://registry.npmjs.org/wRegexpObject/-/wRegexpObject-0.4.94.tgz",
      "integrity": "sha512-forGkg1hSsLulaakzeG0KAdEN1fokHflVkUovz3FMH3pUeDOWxGnNS2QPsmbd+ZcSd44QV1i1qtGaGRC2abuOg==",
      "requires": {
        "wTools": "^0.8.431"
      }
    },
    "wTesting": {
      "version": "1.0.110",
      "resolved": "https://registry.npmjs.org/wTesting/-/wTesting-1.0.110.tgz",
      "integrity": "sha512-2u9kILFBctWAKWGgcdjRiYozDtp2RCYh5iudBMT0Ec3RQN4U8iMBUH6PbFVYhfAE29GSxErEn6zAI369YBnc/g==",
      "requires": {
        "wConsequence": "^0.4.123",
        "wCopyable": "^0.4.107",
        "wEventHandler": "^0.4.83",
        "wFiles": "^0.6.583",
        "wLogger": "^0.5.167",
        "wProto": "^0.4.139",
        "wTools": "^0.8.431",
        "wcomparator": "^0.3.36",
        "wexternalfundamentals": "^0.3.146",
        "winstancing": "^0.4.58",
        "wlooker": "^0.3.42",
        "wselector": "^0.3.62"
      }
    },
    "wTools": {
      "version": "0.8.431",
      "resolved": "https://registry.npmjs.org/wTools/-/wTools-0.8.431.tgz",
      "integrity": "sha512-s/lIwp6XHiOzN/hLmIEW/gXnrHlRjBijnzc5RmidcUe+/KtWZF9lSRDecpee2xx5mFNyXm/9/81TiWrJI/CMUQ=="
    },
    "warraysorted": {
      "version": "0.3.76",
      "resolved": "https://registry.npmjs.org/warraysorted/-/warraysorted-0.3.76.tgz",
      "integrity": "sha512-Sv7w/g5TcU4YwJYoUe9uPrHi7pyOyfXI4LMATCrYMSrbCKGd6jtQswS9AL7fSftMgrGU/J2lafPVBqD8btUVzQ==",
      "requires": {
        "wTools": "^0.8.431"
      }
    },
    "warraysparse": {
      "version": "0.3.35",
      "resolved": "https://registry.npmjs.org/warraysparse/-/warraysparse-0.3.35.tgz",
      "integrity": "sha512-Odu9jNUJZ6jk/bLwLUL+Vk9oO7ML3lCSZcFGc+lI5Ond9X0SBhrTtDpzEgqRY2zMOeCWsbuYj3O1I5wXVTGmeA==",
      "requires": {
        "wTools": "^0.8.431"
      }
    },
    "wcloner": {
      "version": "0.3.85",
      "resolved": "https://registry.npmjs.org/wcloner/-/wcloner-0.3.85.tgz",
      "integrity": "sha512-SIMvIYnLW5syZiiMzZKkGhnY4zYA6WmbeoOaKsItmrPVJ8AP71FGC6bFcmaMbySpCYLq3i7MuYgSxbCWHjS08A==",
      "requires": {
        "wTools": "^0.8.431",
        "wtraverser": "^0.3.72"
      }
    },
    "wcomparator": {
      "version": "0.3.36",
      "resolved": "https://registry.npmjs.org/wcomparator/-/wcomparator-0.3.36.tgz",
      "integrity": "sha512-1/eYEoTnMQIeSkzi0sKVHpvxf8QhWQ+0SGZuMuhnanPRXMQhNS+HKR+cGCisxVd8wJ4SUT0m5yyezD1oujciTQ==",
      "requires": {
        "wTools": "^0.8.431"
      }
    },
    "wexternalfundamentals": {
      "version": "0.3.146",
      "resolved": "https://registry.npmjs.org/wexternalfundamentals/-/wexternalfundamentals-0.3.146.tgz",
      "integrity": "sha512-OfmchcidAHTpyLBW+MAZ5ng41x0WJPnqtPsLk9G3a1sfv+OfstL3W9SFaXuX2V45grFM87u0FaSgm4Fv1ASPiA==",
      "requires": {
        "deasync": "^0.1.14",
        "wTools": "^0.8.431",
        "wgdfstrategy": "^0.3.11",
        "wpathfundamentals": "^0.6.154"
      }
    },
    "wfieldsstack": {
      "version": "0.3.62",
      "resolved": "https://registry.npmjs.org/wfieldsstack/-/wfieldsstack-0.3.62.tgz",
      "integrity": "sha512-jb8W3rqCcuZ49Z62KDtB9h5JIAzcFRAls2XXWhfOy9glFLKL2PxQyFFnk3SPIvQCUkBB+xiCRKmXpCGxhitiVw==",
      "requires": {
        "wProto": "^0.4.139",
        "wTools": "^0.8.431"
      }
    },
    "wgdfstrategy": {
      "version": "0.3.11",
      "resolved": "https://registry.npmjs.org/wgdfstrategy/-/wgdfstrategy-0.3.11.tgz",
      "integrity": "sha512-8OmgxMX3I4CKVezhYRzRK1YXWw7s+0aJIq1wiEvrJFyBiFhMw9D5ZiorhAyHY7IAPToJOVakWDsn2iqK5Iy4OA==",
      "requires": {
        "bson": "^4.0.1",
        "coffee-script": "^1.12.7",
        "js-yaml": "^3.12.2",
        "js2coffee": "^2.2.0",
        "wCopyable": "^0.4.107",
        "wTools": "^0.8.431",
        "wroutinefundamentals": "^0.3.5"
      }
    },
    "winstancing": {
      "version": "0.4.58",
      "resolved": "https://registry.npmjs.org/winstancing/-/winstancing-0.4.58.tgz",
      "integrity": "sha512-K0SnGltH+y/FvRnWj568bJ5FkJ6XOndeSaMO4i73OXNFOrmeonM817EJ2hi7P8VBiZJkQVESx1b6cct1QvOcHw==",
      "requires": {
        "wProto": "^0.4.139",
        "wTools": "^0.8.431",
        "wcloner": "^0.3.85"
      }
    },
    "wlooker": {
      "version": "0.3.42",
      "resolved": "https://registry.npmjs.org/wlooker/-/wlooker-0.3.42.tgz",
      "integrity": "sha512-VOeCX8wiEb70SVJCfd8tREla8256l0P6nXB66gBAjDQiRuD60UoF5l6m9c1DE3ZuHKgJOsv5+oE4/78PUBhXag==",
      "requires": {
        "wTools": "^0.8.431"
      }
    },
    "wordwrap": {
      "version": "1.0.0",
      "resolved": "https://registry.npmjs.org/wordwrap/-/wordwrap-1.0.0.tgz",
      "integrity": "sha1-J1hIEIkUVqQXHI0CJkQa3pDLyus="
    },
    "wpathfundamentals": {
      "version": "0.6.154",
      "resolved": "https://registry.npmjs.org/wpathfundamentals/-/wpathfundamentals-0.6.154.tgz",
      "integrity": "sha512-gfJb0O41yHqYOcHse1fpNWkuZxYSJsi08H2wqztDCyCM5PsgwS1QRaGK9Km9lN2gXEsCYCQiRW4Ym31jL8BwcA==",
      "requires": {
        "wTools": "^0.8.431"
      }
    },
    "wprocedure": {
      "version": "0.3.17",
      "resolved": "https://registry.npmjs.org/wprocedure/-/wprocedure-0.3.17.tgz",
      "integrity": "sha512-amYAAXaeepbEVwsc4dHtZLb3MKeE+9dR6xhSuDG58jvUBC0MHwQDLuPG1JpBjkwmXas47i7YkTfsjei9RXxDig==",
      "requires": {
        "wTools": "^0.8.431"
      }
    },
    "wreplicator": {
      "version": "0.3.5",
      "resolved": "https://registry.npmjs.org/wreplicator/-/wreplicator-0.3.5.tgz",
      "integrity": "sha512-obUxkoIWrl8NWvELAODMgFMv36vug6XfiiYASMbJlp0dneiNEpKucbxumsI71J83A9ae4arrurmdyahWxhiGQQ==",
      "requires": {
        "wTools": "^0.8.431"
      }
    },
    "wroutinefundamentals": {
      "version": "0.3.5",
      "resolved": "https://registry.npmjs.org/wroutinefundamentals/-/wroutinefundamentals-0.3.5.tgz",
      "integrity": "sha512-vFoNJLIyROBeVrLUfHTIPpJMq+x9lCn4AcyJxfc5bs5GRc2C6kfDnWQf2F0LJRj2FSfG7A4c+LgLjaZpxhyHxg==",
      "requires": {
        "wTools": "^0.8.431"
      }
    },
    "wselector": {
      "version": "0.3.62",
      "resolved": "https://registry.npmjs.org/wselector/-/wselector-0.3.62.tgz",
      "integrity": "sha512-lW7ohtTOoZ/zwBx9hROO2eOmB/w1V3m3p8Bz6yfiZLDZ2r4XC7rnr87uLwE8VZfdntltzJulVG20zXAkcM8daw==",
      "requires": {
        "wTools": "^0.8.431",
        "wlooker": "^0.3.42",
        "wpathfundamentals": "^0.6.154",
        "wreplicator": "^0.3.5"
      }
    },
    "wstringer": {
      "version": "0.3.73",
      "resolved": "https://registry.npmjs.org/wstringer/-/wstringer-0.3.73.tgz",
      "integrity": "sha512-NKaN1ECwqcZS5vIjc16/UTJ8ozWOcNM8a7K0qyCCLRbMq25zpg5YqD5Fu6NYhpXej7Yj4OD4P0Y6PBveH1Uc0Q==",
      "requires": {
        "wTools": "^0.8.431"
      }
    },
    "wstringsextra": {
      "version": "0.3.90",
      "resolved": "https://registry.npmjs.org/wstringsextra/-/wstringsextra-0.3.90.tgz",
      "integrity": "sha512-/XrbeQr0ANZlnI2Y8g4mDn7af4+H7ZMmzUEAyCNY9gzAazjI197ksfJgw/uCbB/lgmr1dDxL/oc+lDVkWth98w==",
      "requires": {
        "wTools": "^0.8.431",
        "warraysorted": "^0.3.76",
        "warraysparse": "^0.3.35",
        "wstringer": "^0.3.73"
      }
    },
    "wtraverser": {
      "version": "0.3.72",
      "resolved": "https://registry.npmjs.org/wtraverser/-/wtraverser-0.3.72.tgz",
      "integrity": "sha512-QjorYnNBVFZ4maAaJsWV/kAcIyRh/bjHMgc6DHZ5wno79geWIWM2CgTafskeMScP3H8ktp0DZIX+1ijLxGGBNQ==",
      "requires": {
        "wTools": "^0.8.431"
      }
    },
    "wurifundamentals": {
      "version": "0.6.84",
      "resolved": "https://registry.npmjs.org/wurifundamentals/-/wurifundamentals-0.6.84.tgz",
      "integrity": "sha512-Rmbd6iX0xSMWShUEFywcxwH7FsTwKKSASnTmIWJ4UIdGEQY8zccMp9H+f6v2Zm1Ss75SWPZHuHpX8qcIvL6/ag==",
      "requires": {
        "wTools": "^0.8.431",
        "wpathfundamentals": "^0.6.154"
      }
    },
    "wverbal": {
      "version": "0.3.57",
      "resolved": "https://registry.npmjs.org/wverbal/-/wverbal-0.3.57.tgz",
      "integrity": "sha512-mif2P23afr8n239Ep2tnmveRQZrljAVV5HUyzbyJuMdrrGZ9YLBfyCKav88ku90icPbGWPSnsO5n+FJviUGY6Q==",
      "requires": {
        "wProto": "^0.4.139",
        "wTools": "^0.8.431"
      }
    },
    "wweburifundamentals": {
      "version": "0.3.39",
      "resolved": "https://registry.npmjs.org/wweburifundamentals/-/wweburifundamentals-0.3.39.tgz",
      "integrity": "sha512-skxWJDGKxN0okzVtg2V2cub221/fS+nsxRnHTjYAlnEh8lUWM/voPBi1qZ+OTdqUUnpWN6r8J5EMBSB0cgPRiQ==",
      "requires": {
        "wTools": "^0.8.431",
        "wurifundamentals": "^0.6.84"
      }
    }
  }
}
